
Microsoft Visual Studio Solution File, Format Version 12.00
# Visual Studio Version 16
VisualStudioVersion = 16.0.31911.196
MinimumVisualStudioVersion = 10.0.40219.1
Project("{9A19103F-16F7-4668-BE54-9A1E7A4F7556}") = "MyCM-AccountService", "MyCM-AccountService\MyCM-AccountService.csproj", "{63F80B11-C569-431E-A065-D1342D10A9EF}"
EndProject
Project("{FAE04EC0-301F-11D3-BF4B-00C04F79EFBC}") = "Account-Model", "Account-Model\Account-Model.csproj", "{94F036C0-C56B-4700-95A5-F3C9D9AAD5A2}"
EndProject
Project("{FAE04EC0-301F-11D3-BF4B-00C04F79EFBC}") = "Account-Infrastructure", "Account-Infrastructure\Account-Infrastructure.csproj", "{3113149B-E0F7-4996-930F-879F24A2D664}"
EndProject
Project("{FAE04EC0-301F-11D3-BF4B-00C04F79EFBC}") = "Acount-Service", "Acount-Service\Acount-Service.csproj", "{B509689F-0A77-48F9-8F42-BA248082ACEF}"
EndProject
Global
	GlobalSection(SolutionConfigurationPlatforms) = preSolution
		Debug|Any CPU = Debug|Any CPU
		Release|Any CPU = Release|Any CPU
	EndGlobalSection
	GlobalSection(ProjectConfigurationPlatforms) = postSolution
		{63F80B11-C569-431E-A065-D1342D10A9EF}.Debug|Any CPU.ActiveCfg = Debug|Any CPU
		{63F80B11-C569-431E-A065-D1342D10A9EF}.Debug|Any CPU.Build.0 = Debug|Any CPU
		{63F80B11-C569-431E-A065-D1342D10A9EF}.Release|Any CPU.ActiveCfg = Release|Any CPU
		{63F80B11-C569-431E-A065-D1342D10A9EF}.Release|Any CPU.Build.0 = Release|Any CPU
		{94F036C0-C56B-4700-95A5-F3C9D9AAD5A2}.Debug|Any CPU.ActiveCfg = Debug|Any CPU
		{94F036C0-C56B-4700-95A5-F3C9D9AAD5A2}.Debug|Any CPU.Build.0 = Debug|Any CPU
		{94F036C0-C56B-4700-95A5-F3C9D9AAD5A2}.Release|Any CPU.ActiveCfg = Release|Any CPU
		{94F036C0-C56B-4700-95A5-F3C9D9AAD5A2}.Release|Any CPU.Build.0 = Release|Any CPU
		{3113149B-E0F7-4996-930F-879F24A2D664}.Debug|Any CPU.ActiveCfg = Debug|Any CPU
		{3113149B-E0F7-4996-930F-879F24A2D664}.Debug|Any CPU.Build.0 = Debug|Any CPU
		{3113149B-E0F7-4996-930F-879F24A2D664}.Release|Any CPU.ActiveCfg = Release|Any CPU
		{3113149B-E0F7-4996-930F-879F24A2D664}.Release|Any CPU.Build.0 = Release|Any CPU
		{B509689F-0A77-48F9-8F42-BA248082ACEF}.Debug|Any CPU.ActiveCfg = Debug|Any CPU
		{B509689F-0A77-48F9-8F42-BA248082ACEF}.Debug|Any CPU.Build.0 = Debug|Any CPU
		{B509689F-0A77-48F9-8F42-BA248082ACEF}.Release|Any CPU.ActiveCfg = Release|Any CPU
		{B509689F-0A77-48F9-8F42-BA248082ACEF}.Release|Any CPU.Build.0 = Release|Any CPU
	EndGlobalSection
	GlobalSection(SolutionProperties) = preSolution
		HideSolutionNode = FALSE
	EndGlobalSection
	GlobalSection(ExtensibilityGlobals) = postSolution
		SolutionGuid = {A4C3139B-363F-4D0E-AAA2-EAA28D4C0C7B}
	EndGlobalSection
EndGlobal
